{
  "version": 4,
  "terraform_version": "1.1.2",
  "serial": 37,
  "lineage": "75e4a148-db94-171b-1b4b-8fae3b8a348d",
  "outputs": {},
  "resources": [
    {
      "mode": "data",
      "type": "aws_lb",
      "name": "main",
      "provider": "provider[\"registry.terraform.io/hashicorp/aws\"]",
      "instances": [
        {
          "schema_version": 0,
          "attributes": {
            "access_logs": [
              {
                "bucket": "",
                "enabled": false,
                "prefix": ""
              }
            ],
            "arn": "arn:aws:elasticloadbalancing:us-east-2:369500102003:loadbalancer/app/bd9b56b2-istiosystem-istio-2af2/b4df8ac60e1b60cc",
            "arn_suffix": "app/bd9b56b2-istiosystem-istio-2af2/b4df8ac60e1b60cc",
            "customer_owned_ipv4_pool": "",
            "desync_mitigation_mode": "defensive",
            "dns_name": "bd9b56b2-istiosystem-istio-2af2-172239710.us-east-2.elb.amazonaws.com",
            "drop_invalid_header_fields": false,
            "enable_deletion_protection": false,
            "enable_http2": true,
            "enable_waf_fail_open": false,
            "id": "arn:aws:elasticloadbalancing:us-east-2:369500102003:loadbalancer/app/bd9b56b2-istiosystem-istio-2af2/b4df8ac60e1b60cc",
            "idle_timeout": 60,
            "internal": false,
            "ip_address_type": "ipv4",
            "load_balancer_type": "application",
            "name": "bd9b56b2-istiosystem-istio-2af2",
            "security_groups": [
              "sg-0815b8d32c6948e57"
            ],
            "subnet_mapping": [
              {
                "allocation_id": "",
                "ipv6_address": "",
                "outpost_id": "",
                "private_ipv4_address": "",
                "subnet_id": "subnet-0983f839bf0dfbb1b"
              },
              {
                "allocation_id": "",
                "ipv6_address": "",
                "outpost_id": "",
                "private_ipv4_address": "",
                "subnet_id": "subnet-0e654bc17479a01bb"
              },
              {
                "allocation_id": "",
                "ipv6_address": "",
                "outpost_id": "",
                "private_ipv4_address": "",
                "subnet_id": "subnet-0f57a71a5a4b87345"
              }
            ],
            "subnets": [
              "subnet-0983f839bf0dfbb1b",
              "subnet-0e654bc17479a01bb",
              "subnet-0f57a71a5a4b87345"
            ],
            "tags": {
              "ingress.k8s.aws/cluster": "us-east-2-hyperfine-demo",
              "ingress.k8s.aws/resource": "LoadBalancer",
              "ingress.k8s.aws/stack": "istio-system/istio-ingress",
              "kubernetes.io/cluster/us-east-2-hyperfine-demo": "owned",
              "kubernetes.io/ingress-name": "istio-ingress",
              "kubernetes.io/namespace": "istio-system"
            },
            "vpc_id": "vpc-018f8ea106eed8ba7",
            "zone_id": "Z3AADJGX6KTTL2"
          },
          "sensitive_attributes": []
        }
      ]
    },
    {
      "mode": "data",
      "type": "aws_route53_zone",
      "name": "kubeflow",
      "provider": "provider[\"registry.terraform.io/hashicorp/aws\"]",
      "instances": [
        {
          "schema_version": 0,
          "attributes": {
            "arn": "arn:aws:route53:::hostedzone/Z08030313CU8TQGMG7UN1",
            "caller_reference": "terraform-20220121010801727300000001",
            "comment": "Managed by Terraform",
            "id": "Z08030313CU8TQGMG7UN1",
            "linked_service_description": null,
            "linked_service_principal": null,
            "name": "platform.hyperfine-dev.com",
            "name_servers": [
              "ns-889.awsdns-47.net",
              "ns-258.awsdns-32.com",
              "ns-1788.awsdns-31.co.uk",
              "ns-1196.awsdns-21.org"
            ],
            "private_zone": false,
            "resource_record_set_count": 8,
            "tags": {},
            "vpc_id": null,
            "zone_id": "Z08030313CU8TQGMG7UN1"
          },
          "sensitive_attributes": []
        }
      ]
    },
    {
      "mode": "managed",
      "type": "aws_route53_record",
      "name": "a_record",
      "provider": "provider[\"registry.terraform.io/hashicorp/aws\"]",
      "instances": [
        {
          "schema_version": 2,
          "attributes": {
            "alias": [
              {
                "evaluate_target_health": false,
                "name": "bd9b56b2-istiosystem-istio-2af2-172239710.us-east-2.elb.amazonaws.com",
                "zone_id": "Z3AADJGX6KTTL2"
              }
            ],
            "allow_overwrite": true,
            "failover_routing_policy": [],
            "fqdn": "platform.hyperfine-dev.com",
            "geolocation_routing_policy": [],
            "health_check_id": "",
            "id": "Z08030313CU8TQGMG7UN1_platform.hyperfine-dev.com_A",
            "latency_routing_policy": [],
            "multivalue_answer_routing_policy": null,
            "name": "platform.hyperfine-dev.com",
            "records": [],
            "set_identifier": "",
            "ttl": 0,
            "type": "A",
            "weighted_routing_policy": [],
            "zone_id": "Z08030313CU8TQGMG7UN1"
          },
          "sensitive_attributes": [],
          "private": "eyJzY2hlbWFfdmVyc2lvbiI6IjIifQ==",
          "dependencies": [
            "data.aws_lb.main",
            "data.aws_route53_zone.kubeflow"
          ]
        }
      ]
    },
    {
      "mode": "managed",
      "type": "aws_route53_record",
      "name": "default",
      "provider": "provider[\"registry.terraform.io/hashicorp/aws\"]",
      "instances": [
        {
          "schema_version": 2,
          "attributes": {
            "alias": [],
            "allow_overwrite": null,
            "failover_routing_policy": [],
            "fqdn": "*.default.platform.hyperfine-dev.com",
            "geolocation_routing_policy": [],
            "health_check_id": "",
            "id": "Z08030313CU8TQGMG7UN1_*.default.platform.hyperfine-dev.com_CNAME",
            "latency_routing_policy": [],
            "multivalue_answer_routing_policy": null,
            "name": "*.default.platform.hyperfine-dev.com",
            "records": [
              "bd9b56b2-istiosystem-istio-2af2-172239710.us-east-2.elb.amazonaws.com"
            ],
            "set_identifier": "",
            "ttl": 5,
            "type": "CNAME",
            "weighted_routing_policy": [],
            "zone_id": "Z08030313CU8TQGMG7UN1"
          },
          "sensitive_attributes": [],
          "private": "eyJzY2hlbWFfdmVyc2lvbiI6IjIifQ==",
          "dependencies": [
            "data.aws_route53_zone.kubeflow",
            "data.aws_lb.main"
          ]
        }
      ]
    },
    {
      "mode": "managed",
      "type": "aws_route53_record",
      "name": "main",
      "provider": "provider[\"registry.terraform.io/hashicorp/aws\"]",
      "instances": [
        {
          "schema_version": 2,
          "attributes": {
            "alias": [],
            "allow_overwrite": null,
            "failover_routing_policy": [],
            "fqdn": "*.platform.hyperfine-dev.com",
            "geolocation_routing_policy": [],
            "health_check_id": "",
            "id": "Z08030313CU8TQGMG7UN1_*.platform.hyperfine-dev.com_CNAME",
            "latency_routing_policy": [],
            "multivalue_answer_routing_policy": null,
            "name": "*.platform.hyperfine-dev.com",
            "records": [
              "bd9b56b2-istiosystem-istio-2af2-172239710.us-east-2.elb.amazonaws.com"
            ],
            "set_identifier": "",
            "ttl": 5,
            "type": "CNAME",
            "weighted_routing_policy": [],
            "zone_id": "Z08030313CU8TQGMG7UN1"
          },
          "sensitive_attributes": [],
          "private": "eyJzY2hlbWFfdmVyc2lvbiI6IjIifQ==",
          "dependencies": [
            "data.aws_lb.main",
            "data.aws_route53_zone.kubeflow"
          ]
        }
      ]
    },
    {
      "module": "module.syoung",
      "mode": "data",
      "type": "aws_caller_identity",
      "name": "current",
      "provider": "module.syoung.provider[\"registry.terraform.io/hashicorp/aws\"]",
      "instances": [
        {
          "schema_version": 0,
          "attributes": {
            "account_id": "369500102003",
            "arn": "arn:aws:sts::369500102003:assumed-role/AWSReservedSSO_GruntworkOpsAdmin_2badaca29a82ca9f/syoung@hyperfine.io",
            "id": "369500102003",
            "user_id": "AROAVMB7MDVZVL5WMCRD4:syoung@hyperfine.io"
          },
          "sensitive_attributes": []
        }
      ]
    },
    {
      "module": "module.syoung",
      "mode": "data",
      "type": "aws_cognito_user_pools",
      "name": "pool",
      "provider": "module.syoung.provider[\"registry.terraform.io/hashicorp/aws\"]",
      "instances": [
        {
          "schema_version": 0,
          "attributes": {
            "arns": [
              "arn:aws:cognito-idp:us-east-2:369500102003:userpool/us-east-2_Efyd2L9Sd"
            ],
            "id": "platform.hyperfine-dev.com-user-pool",
            "ids": [
              "us-east-2_Efyd2L9Sd"
            ],
            "name": "platform.hyperfine-dev.com-user-pool"
          },
          "sensitive_attributes": []
        }
      ]
    },
    {
      "module": "module.syoung",
      "mode": "data",
      "type": "aws_route53_zone",
      "name": "kubeflow_zone",
      "provider": "module.syoung.provider[\"registry.terraform.io/hashicorp/aws\"]",
      "instances": [
        {
          "schema_version": 0,
          "attributes": {
            "arn": "arn:aws:route53:::hostedzone/Z08030313CU8TQGMG7UN1",
            "caller_reference": "terraform-20220121010801727300000001",
            "comment": "Managed by Terraform",
            "id": "Z08030313CU8TQGMG7UN1",
            "linked_service_description": null,
            "linked_service_principal": null,
            "name": "platform.hyperfine-dev.com",
            "name_servers": [
              "ns-889.awsdns-47.net",
              "ns-258.awsdns-32.com",
              "ns-1788.awsdns-31.co.uk",
              "ns-1196.awsdns-21.org"
            ],
            "private_zone": false,
            "resource_record_set_count": 8,
            "tags": {},
            "vpc_id": null,
            "zone_id": "Z08030313CU8TQGMG7UN1"
          },
          "sensitive_attributes": []
        }
      ]
    },
    {
      "module": "module.syoung",
      "mode": "data",
      "type": "kubectl_file_documents",
      "name": "user",
      "provider": "provider[\"registry.terraform.io/gavinbunney/kubectl\"]",
      "instances": [
        {
          "index_key": "aballantyne",
          "schema_version": 0,
          "attributes": {
            "content": "apiVersion: v1\ndata:\n  profile-name: aballantyne\n  user: \"aballantyne@hyperfine.io\"\nkind: ConfigMap\nmetadata:\n  name: default-install-config-aballantyne\n---\napiVersion: kubeflow.org/v1beta1\nkind: Profile\nmetadata:\n  name: aballantyne\nspec:\n  owner:\n    kind: User\n    name: \"aballantyne@hyperfine.io\"\n",
            "documents": [
              "apiVersion: v1\ndata:\n  profile-name: aballantyne\n  user: \"aballantyne@hyperfine.io\"\nkind: ConfigMap\nmetadata:\n  name: default-install-config-aballantyne",
              "apiVersion: kubeflow.org/v1beta1\nkind: Profile\nmetadata:\n  name: aballantyne\nspec:\n  owner:\n    kind: User\n    name: \"aballantyne@hyperfine.io\""
            ],
            "id": "d584697e87f76fc9ed9099fba595c1db81e7cdecbe05aef25d4b3b84a0b3e645",
            "manifests": {
              "/api/v1/configmaps/default-install-config-aballantyne": "apiVersion: v1\ndata:\n  profile-name: aballantyne\n  user: aballantyne@hyperfine.io\nkind: ConfigMap\nmetadata:\n  name: default-install-config-aballantyne\n",
              "/apis/kubeflow.org/v1beta1/profiles/aballantyne": "apiVersion: kubeflow.org/v1beta1\nkind: Profile\nmetadata:\n  name: aballantyne\nspec:\n  owner:\n    kind: User\n    name: aballantyne@hyperfine.io\n"
            }
          },
          "sensitive_attributes": []
        },
        {
          "index_key": "msofka",
          "schema_version": 0,
          "attributes": {
            "content": "apiVersion: v1\ndata:\n  profile-name: msofka\n  user: \"msofka@hyperfine.io\"\nkind: ConfigMap\nmetadata:\n  name: default-install-config-msofka\n---\napiVersion: kubeflow.org/v1beta1\nkind: Profile\nmetadata:\n  name: msofka\nspec:\n  owner:\n    kind: User\n    name: \"msofka@hyperfine.io\"\n",
            "documents": [
              "apiVersion: v1\ndata:\n  profile-name: msofka\n  user: \"msofka@hyperfine.io\"\nkind: ConfigMap\nmetadata:\n  name: default-install-config-msofka",
              "apiVersion: kubeflow.org/v1beta1\nkind: Profile\nmetadata:\n  name: msofka\nspec:\n  owner:\n    kind: User\n    name: \"msofka@hyperfine.io\""
            ],
            "id": "3963d4c1c3fb84eadb0f855588abaff74f36daca36cc2b0b90745ae7ad47fd87",
            "manifests": {
              "/api/v1/configmaps/default-install-config-msofka": "apiVersion: v1\ndata:\n  profile-name: msofka\n  user: msofka@hyperfine.io\nkind: ConfigMap\nmetadata:\n  name: default-install-config-msofka\n",
              "/apis/kubeflow.org/v1beta1/profiles/msofka": "apiVersion: kubeflow.org/v1beta1\nkind: Profile\nmetadata:\n  name: msofka\nspec:\n  owner:\n    kind: User\n    name: msofka@hyperfine.io\n"
            }
          },
          "sensitive_attributes": []
        },
        {
          "index_key": "syoung",
          "schema_version": 0,
          "attributes": {
            "content": "apiVersion: v1\ndata:\n  profile-name: syoung\n  user: \"syoung@hyperfine.io\"\nkind: ConfigMap\nmetadata:\n  name: default-install-config-syoung\n---\napiVersion: kubeflow.org/v1beta1\nkind: Profile\nmetadata:\n  name: syoung\nspec:\n  owner:\n    kind: User\n    name: \"syoung@hyperfine.io\"\n",
            "documents": [
              "apiVersion: v1\ndata:\n  profile-name: syoung\n  user: \"syoung@hyperfine.io\"\nkind: ConfigMap\nmetadata:\n  name: default-install-config-syoung",
              "apiVersion: kubeflow.org/v1beta1\nkind: Profile\nmetadata:\n  name: syoung\nspec:\n  owner:\n    kind: User\n    name: \"syoung@hyperfine.io\""
            ],
            "id": "ebbcd0516368bd992cc3365cdc84475bdd8f8c20e53e3dfb68aad4ebad991946",
            "manifests": {
              "/api/v1/configmaps/default-install-config-syoung": "apiVersion: v1\ndata:\n  profile-name: syoung\n  user: syoung@hyperfine.io\nkind: ConfigMap\nmetadata:\n  name: default-install-config-syoung\n",
              "/apis/kubeflow.org/v1beta1/profiles/syoung": "apiVersion: kubeflow.org/v1beta1\nkind: Profile\nmetadata:\n  name: syoung\nspec:\n  owner:\n    kind: User\n    name: syoung@hyperfine.io\n"
            }
          },
          "sensitive_attributes": []
        }
      ]
    },
    {
      "module": "module.syoung",
      "mode": "managed",
      "type": "null_resource",
      "name": "cognito_user",
      "provider": "provider[\"registry.terraform.io/hashicorp/null\"]",
      "instances": [
        {
          "index_key": "aballantyne",
          "schema_version": 0,
          "attributes": {
            "id": "5416380910700365630",
            "triggers": {
              "user_pool_id": "platform.hyperfine-dev.com-user-pool",
              "username": "aballantyne"
            }
          },
          "sensitive_attributes": [],
          "private": "bnVsbA==",
          "dependencies": [
            "module.syoung.data.aws_cognito_user_pools.pool",
            "module.syoung.data.aws_route53_zone.kubeflow_zone"
          ]
        },
        {
          "index_key": "msofka",
          "schema_version": 0,
          "attributes": {
            "id": "219338954586834050",
            "triggers": {
              "user_pool_id": "platform.hyperfine-dev.com-user-pool",
              "username": "msofka"
            }
          },
          "sensitive_attributes": [],
          "private": "bnVsbA==",
          "dependencies": [
            "module.syoung.data.aws_cognito_user_pools.pool",
            "module.syoung.data.aws_route53_zone.kubeflow_zone"
          ]
        },
        {
          "index_key": "syoung",
          "schema_version": 0,
          "attributes": {
            "id": "7014493379929407549",
            "triggers": {
              "user_pool_id": "platform.hyperfine-dev.com-user-pool",
              "username": "syoung"
            }
          },
          "sensitive_attributes": [],
          "private": "bnVsbA==",
          "dependencies": [
            "module.syoung.data.aws_cognito_user_pools.pool",
            "module.syoung.data.aws_route53_zone.kubeflow_zone"
          ]
        }
      ]
    }
  ]
}
